
Microsoft Visual Studio Solution File, Format Version 11.00
# Visual Studio 2010
Project("{8BC9CEB8-8B4A-11D0-8D11-00A0C91BC942}") = "HMI", "HMI\HMI.vcxproj", "{8828A808-4444-4CA1-BA0A-ED69B829121F}"
	ProjectSection(ProjectDependencies) = postProject
		{DBF80B02-9AE9-4E2A-ABBE-483D801CD3DB} = {DBF80B02-9AE9-4E2A-ABBE-483D801CD3DB}
		{AFE8B937-3A3E-4445-83D6-EF92E3BE2673} = {AFE8B937-3A3E-4445-83D6-EF92E3BE2673}
		{CDEB544E-465E-4F5D-9E22-A5EEA4E851B9} = {CDEB544E-465E-4F5D-9E22-A5EEA4E851B9}
		{8A6E4B56-DD51-4EE5-A66B-27FB1F656F11} = {8A6E4B56-DD51-4EE5-A66B-27FB1F656F11}
		{6DE87B5F-2D76-494A-9BA0-B36B4C9E1FD6} = {6DE87B5F-2D76-494A-9BA0-B36B4C9E1FD6}
		{2A62CB66-239A-4EF7-8DFF-F345E99AC1F2} = {2A62CB66-239A-4EF7-8DFF-F345E99AC1F2}
		{F116FDA6-E571-4F5A-B940-98F73215665A} = {F116FDA6-E571-4F5A-B940-98F73215665A}
		{74E4F1BB-8FFB-43A9-B87D-3311F3DC1868} = {74E4F1BB-8FFB-43A9-B87D-3311F3DC1868}
	EndProjectSection
EndProject
Project("{8BC9CEB8-8B4A-11D0-8D11-00A0C91BC942}") = "GDIButtonXL", "GDIButtonXL\GDIButtonXL.vcxproj", "{CDEB544E-465E-4F5D-9E22-A5EEA4E851B9}"
EndProject
Project("{8BC9CEB8-8B4A-11D0-8D11-00A0C91BC942}") = "HMIDlg", "HMIDlg\HMIDlg.vcxproj", "{DBF80B02-9AE9-4E2A-ABBE-483D801CD3DB}"
EndProject
Project("{8BC9CEB8-8B4A-11D0-8D11-00A0C91BC942}") = "GDIStatusBox", "GDIStatusBox\GDIStatusBox.vcxproj", "{2A62CB66-239A-4EF7-8DFF-F345E99AC1F2}"
EndProject
Project("{8BC9CEB8-8B4A-11D0-8D11-00A0C91BC942}") = "GDIIoStatus", "GDIIoStatus\GDIIoStatus.vcxproj", "{74E4F1BB-8FFB-43A9-B87D-3311F3DC1868}"
EndProject
Project("{8BC9CEB8-8B4A-11D0-8D11-00A0C91BC942}") = "GDITedit", "GDITedit\GDITedit\GDITedit.vcxproj", "{8A6E4B56-DD51-4EE5-A66B-27FB1F656F11}"
EndProject
Project("{8BC9CEB8-8B4A-11D0-8D11-00A0C91BC942}") = "GDIMotorStatus", "GDIMotorStatus\GDIMotorStatus\GDIMotorStatus.vcxproj", "{AFE8B937-3A3E-4445-83D6-EF92E3BE2673}"
EndProject
Project("{8BC9CEB8-8B4A-11D0-8D11-00A0C91BC942}") = "GDIGaget", "GDIGaget\GDIGaget.vcxproj", "{F116FDA6-E571-4F5A-B940-98F73215665A}"
EndProject
Project("{8BC9CEB8-8B4A-11D0-8D11-00A0C91BC942}") = "GDILedLights", "GDILedLights\GDILedLights\GDILedLights.vcxproj", "{6DE87B5F-2D76-494A-9BA0-B36B4C9E1FD6}"
EndProject
Global
	GlobalSection(SolutionConfigurationPlatforms) = preSolution
		Debug|Win32 = Debug|Win32
		Release|Win32 = Release|Win32
	EndGlobalSection
	GlobalSection(ProjectConfigurationPlatforms) = postSolution
		{8828A808-4444-4CA1-BA0A-ED69B829121F}.Debug|Win32.ActiveCfg = Debug|Win32
		{8828A808-4444-4CA1-BA0A-ED69B829121F}.Debug|Win32.Build.0 = Debug|Win32
		{8828A808-4444-4CA1-BA0A-ED69B829121F}.Release|Win32.ActiveCfg = Release|Win32
		{8828A808-4444-4CA1-BA0A-ED69B829121F}.Release|Win32.Build.0 = Release|Win32
		{CDEB544E-465E-4F5D-9E22-A5EEA4E851B9}.Debug|Win32.ActiveCfg = Debug|Win32
		{CDEB544E-465E-4F5D-9E22-A5EEA4E851B9}.Debug|Win32.Build.0 = Debug|Win32
		{CDEB544E-465E-4F5D-9E22-A5EEA4E851B9}.Release|Win32.ActiveCfg = Release|Win32
		{CDEB544E-465E-4F5D-9E22-A5EEA4E851B9}.Release|Win32.Build.0 = Release|Win32
		{DBF80B02-9AE9-4E2A-ABBE-483D801CD3DB}.Debug|Win32.ActiveCfg = Debug|Win32
		{DBF80B02-9AE9-4E2A-ABBE-483D801CD3DB}.Debug|Win32.Build.0 = Debug|Win32
		{DBF80B02-9AE9-4E2A-ABBE-483D801CD3DB}.Release|Win32.ActiveCfg = Release|Win32
		{DBF80B02-9AE9-4E2A-ABBE-483D801CD3DB}.Release|Win32.Build.0 = Release|Win32
		{2A62CB66-239A-4EF7-8DFF-F345E99AC1F2}.Debug|Win32.ActiveCfg = Debug|Win32
		{2A62CB66-239A-4EF7-8DFF-F345E99AC1F2}.Debug|Win32.Build.0 = Debug|Win32
		{2A62CB66-239A-4EF7-8DFF-F345E99AC1F2}.Release|Win32.ActiveCfg = Release|Win32
		{2A62CB66-239A-4EF7-8DFF-F345E99AC1F2}.Release|Win32.Build.0 = Release|Win32
		{74E4F1BB-8FFB-43A9-B87D-3311F3DC1868}.Debug|Win32.ActiveCfg = Debug|Win32
		{74E4F1BB-8FFB-43A9-B87D-3311F3DC1868}.Debug|Win32.Build.0 = Debug|Win32
		{74E4F1BB-8FFB-43A9-B87D-3311F3DC1868}.Release|Win32.ActiveCfg = Release|Win32
		{74E4F1BB-8FFB-43A9-B87D-3311F3DC1868}.Release|Win32.Build.0 = Release|Win32
		{8A6E4B56-DD51-4EE5-A66B-27FB1F656F11}.Debug|Win32.ActiveCfg = Debug|Win32
		{8A6E4B56-DD51-4EE5-A66B-27FB1F656F11}.Debug|Win32.Build.0 = Debug|Win32
		{8A6E4B56-DD51-4EE5-A66B-27FB1F656F11}.Release|Win32.ActiveCfg = Release|Win32
		{8A6E4B56-DD51-4EE5-A66B-27FB1F656F11}.Release|Win32.Build.0 = Release|Win32
		{AFE8B937-3A3E-4445-83D6-EF92E3BE2673}.Debug|Win32.ActiveCfg = Debug|Win32
		{AFE8B937-3A3E-4445-83D6-EF92E3BE2673}.Debug|Win32.Build.0 = Debug|Win32
		{AFE8B937-3A3E-4445-83D6-EF92E3BE2673}.Release|Win32.ActiveCfg = Release|Win32
		{AFE8B937-3A3E-4445-83D6-EF92E3BE2673}.Release|Win32.Build.0 = Release|Win32
		{F116FDA6-E571-4F5A-B940-98F73215665A}.Debug|Win32.ActiveCfg = Debug|Win32
		{F116FDA6-E571-4F5A-B940-98F73215665A}.Debug|Win32.Build.0 = Debug|Win32
		{F116FDA6-E571-4F5A-B940-98F73215665A}.Release|Win32.ActiveCfg = Release|Win32
		{F116FDA6-E571-4F5A-B940-98F73215665A}.Release|Win32.Build.0 = Release|Win32
		{6DE87B5F-2D76-494A-9BA0-B36B4C9E1FD6}.Debug|Win32.ActiveCfg = Debug|Win32
		{6DE87B5F-2D76-494A-9BA0-B36B4C9E1FD6}.Debug|Win32.Build.0 = Debug|Win32
		{6DE87B5F-2D76-494A-9BA0-B36B4C9E1FD6}.Release|Win32.ActiveCfg = Release|Win32
		{6DE87B5F-2D76-494A-9BA0-B36B4C9E1FD6}.Release|Win32.Build.0 = Release|Win32
	EndGlobalSection
	GlobalSection(SolutionProperties) = preSolution
		HideSolutionNode = FALSE
	EndGlobalSection
EndGlobal
