<?xml version="1.0" encoding="utf-8"?>
<Project ToolsVersion="4.0" xmlns="http://schemas.microsoft.com/developer/msbuild/2003">
  <ItemGroup>
    <Filter Include="Source Files">
      <UniqueIdentifier>{4FC737F1-C7A5-4376-A066-2A32D752A2FF}</UniqueIdentifier>
      <Extensions>cpp;c;cc;cxx;def;odl;idl;hpj;bat;asm;asmx</Extensions>
    </Filter>
    <Filter Include="Header Files">
      <UniqueIdentifier>{93995380-89BD-4b04-88EB-625FBE52EBFB}</UniqueIdentifier>
      <Extensions>h;hpp;hxx;hm;inl;inc;xsd</Extensions>
    </Filter>
    <Filter Include="Resource Files">
      <UniqueIdentifier>{67DA6AB6-F800-4c08-8B7A-83BB121AAD01}</UniqueIdentifier>
      <Extensions>rc;ico;cur;bmp;dlg;rc2;rct;bin;rgs;gif;jpg;jpeg;jpe;resx;tiff;tif;png;wav;mfcribbon-ms</Extensions>
    </Filter>
  </ItemGroup>
  <ItemGroup>
    <None Include="ReadMe.txt" />
    <None Include="GDIButtonXL.def">
      <Filter>Source Files</Filter>
    </None>
    <None Include="GDIButtonXL.ico">
      <Filter>Resource Files</Filter>
    </None>
    <None Include="GDIButtonXLCtrl.bmp">
      <Filter>Resource Files</Filter>
    </None>
    <None Include="res\GREEN_ON_UP.bmp">
      <Filter>Resource Files</Filter>
    </None>
    <None Include="res\GREEN_ON_DN.bmp">
      <Filter>Resource Files</Filter>
    </None>
    <None Include="res\GREEN_OFF_UP.bmp">
      <Filter>Resource Files</Filter>
    </None>
    <None Include="res\GREEN_OFF_DN.bmp">
      <Filter>Resource Files</Filter>
    </None>
    <None Include="res\AMBER_ON_UP.bmp">
      <Filter>Resource Files</Filter>
    </None>
    <None Include="res\AMBER_ON_DN.bmp">
      <Filter>Resource Files</Filter>
    </None>
    <None Include="res\AMBER_OFF_UP.bmp">
      <Filter>Resource Files</Filter>
    </None>
    <None Include="res\AMBER_OFF_DN.bmp">
      <Filter>Resource Files</Filter>
    </None>
    <None Include="res\bmp00003.bmp">
      <Filter>Resource Files</Filter>
    </None>
    <None Include="res\bmp00001.bmp">
      <Filter>Resource Files</Filter>
    </None>
    <None Include="res\red_off_.bmp">
      <Filter>Resource Files</Filter>
    </None>
    <None Include="res\bitmap1.bmp">
      <Filter>Resource Files</Filter>
    </None>
    <None Include="res\bmp00010.bmp">
      <Filter>Resource Files</Filter>
    </None>
    <None Include="res\rect_gre.bmp">
      <Filter>Resource Files</Filter>
    </None>
    <None Include="res\bitmap3.bmp">
      <Filter>Resource Files</Filter>
    </None>
    <None Include="res\bmp00009.bmp">
      <Filter>Resource Files</Filter>
    </None>
    <None Include="res\bmp00005.bmp">
      <Filter>Resource Files</Filter>
    </None>
    <None Include="res\bmp00006.bmp">
      <Filter>Resource Files</Filter>
    </None>
    <None Include="res\rect_blu.bmp">
      <Filter>Resource Files</Filter>
    </None>
    <None Include="res\bmp00004.bmp">
      <Filter>Resource Files</Filter>
    </None>
    <None Include="res\BLUE_ON_UP.bmp">
      <Filter>Resource Files</Filter>
    </None>
    <None Include="res\BLUE_ON_DN.bmp">
      <Filter>Resource Files</Filter>
    </None>
    <None Include="res\BLUE_OFF_UP.bmp">
      <Filter>Resource Files</Filter>
    </None>
    <None Include="res\BLUE_OFF_DN.bmp">
      <Filter>Resource Files</Filter>
    </None>
    <None Include="res\amber_of.bmp">
      <Filter>Resource Files</Filter>
    </None>
    <None Include="res\rednoled.bmp">
      <Filter>Resource Files</Filter>
    </None>
    <None Include="res\bmp00002.bmp">
      <Filter>Resource Files</Filter>
    </None>
    <None Include="res\bmp00012.bmp">
      <Filter>Resource Files</Filter>
    </None>
    <None Include="res\bmp00011.bmp">
      <Filter>Resource Files</Filter>
    </None>
    <None Include="res\bmp00007.bmp">
      <Filter>Resource Files</Filter>
    </None>
    <None Include="res\bmp00008.bmp">
      <Filter>Resource Files</Filter>
    </None>
    <None Include="res\rect_red.bmp">
      <Filter>Resource Files</Filter>
    </None>
  </ItemGroup>
  <ItemGroup>
    <ClCompile Include="stdafx.cpp">
      <Filter>Source Files</Filter>
    </ClCompile>
    <ClCompile Include="GDIButtonXL.cpp">
      <Filter>Source Files</Filter>
    </ClCompile>
    <ClCompile Include="GDIButtonXLCtrl.cpp">
      <Filter>Source Files</Filter>
    </ClCompile>
    <ClCompile Include="GDIButtonXLPropPage.cpp">
      <Filter>Source Files</Filter>
    </ClCompile>
  </ItemGroup>
  <ItemGroup>
    <ClInclude Include="stdafx.h">
      <Filter>Header Files</Filter>
    </ClInclude>
    <ClInclude Include="targetver.h">
      <Filter>Header Files</Filter>
    </ClInclude>
    <ClInclude Include="GDIButtonXL.h">
      <Filter>Header Files</Filter>
    </ClInclude>
    <ClInclude Include="Resource.h">
      <Filter>Header Files</Filter>
    </ClInclude>
    <ClInclude Include="GDIButtonXLCtrl.h">
      <Filter>Header Files</Filter>
    </ClInclude>
    <ClInclude Include="GDIButtonXLPropPage.h">
      <Filter>Header Files</Filter>
    </ClInclude>
    <ClInclude Include="InitGDIPlus.h">
      <Filter>Header Files</Filter>
    </ClInclude>
  </ItemGroup>
  <ItemGroup>
    <ResourceCompile Include="GDIButtonXL.rc">
      <Filter>Resource Files</Filter>
    </ResourceCompile>
  </ItemGroup>
  <ItemGroup>
    <Midl Include="GDIButtonXL.idl">
      <Filter>Source Files</Filter>
    </Midl>
  </ItemGroup>
</Project>