<?xml version="1.0" encoding="utf-8"?>
<Project ToolsVersion="4.0" xmlns="http://schemas.microsoft.com/developer/msbuild/2003">
  <ItemGroup>
    <Filter Include="Source Files">
      <UniqueIdentifier>{4FC737F1-C7A5-4376-A066-2A32D752A2FF}</UniqueIdentifier>
      <Extensions>cpp;c;cc;cxx;def;odl;idl;hpj;bat;asm;asmx</Extensions>
    </Filter>
    <Filter Include="Header Files">
      <UniqueIdentifier>{93995380-89BD-4b04-88EB-625FBE52EBFB}</UniqueIdentifier>
      <Extensions>h;hpp;hxx;hm;inl;inc;xsd</Extensions>
    </Filter>
    <Filter Include="Resource Files">
      <UniqueIdentifier>{67DA6AB6-F800-4c08-8B7A-83BB121AAD01}</UniqueIdentifier>
      <Extensions>rc;ico;cur;bmp;dlg;rc2;rct;bin;rgs;gif;jpg;jpeg;jpe;resx;tiff;tif;png;wav;mfcribbon-ms</Extensions>
    </Filter>
  </ItemGroup>
  <ItemGroup>
    <None Include="ReadMe.txt" />
    <None Include="HMI.reg" />
    <None Include="res\HMI.rc2">
      <Filter>Resource Files</Filter>
    </None>
    <None Include="res\HMIDoc.ico">
      <Filter>Resource Files</Filter>
    </None>
    <None Include="res\HMI.ico">
      <Filter>Resource Files</Filter>
    </None>
    <None Include="res\sysbtn.bmp">
      <Filter>Resource Files</Filter>
    </None>
    <None Include="res\bmp00001.bmp">
      <Filter>Resource Files</Filter>
    </None>
    <None Include="res\mil_tool.bmp">
      <Filter>Resource Files</Filter>
    </None>
    <None Include="res\mainfram.bmp">
      <Filter>Resource Files</Filter>
    </None>
    <None Include="res\bmp00003.bmp">
      <Filter>Resource Files</Filter>
    </None>
    <None Include="res\icon1.ico">
      <Filter>Resource Files</Filter>
    </None>
    <None Include="res\ico00001.ico">
      <Filter>Resource Files</Filter>
    </None>
    <None Include="res\ico00002.ico">
      <Filter>Resource Files</Filter>
    </None>
    <None Include="res\vis_sett.ico">
      <Filter>Resource Files</Filter>
    </None>
    <None Include="res\home1.ico">
      <Filter>Resource Files</Filter>
    </None>
    <None Include="res\live1.ico">
      <Filter>Resource Files</Filter>
    </None>
    <None Include="res\bin1.ico">
      <Filter>Resource Files</Filter>
    </None>
    <None Include="res\servos.bmp">
      <Filter>Resource Files</Filter>
    </None>
    <None Include="res\bitmap1.bmp">
      <Filter>Resource Files</Filter>
    </None>
    <None Include="res\bmp00002.bmp">
      <Filter>Resource Files</Filter>
    </None>
    <None Include="res\vision1.ico">
      <Filter>Resource Files</Filter>
    </None>
    <None Include="res\iopage1.ico">
      <Filter>Resource Files</Filter>
    </None>
    <None Include="res\ico00003.ico">
      <Filter>Resource Files</Filter>
    </None>
    <None Include="res\ico00006.ico">
      <Filter>Resource Files</Filter>
    </None>
    <None Include="res\ico00004.ico">
      <Filter>Resource Files</Filter>
    </None>
    <None Include="res\ico00005.ico">
      <Filter>Resource Files</Filter>
    </None>
    <None Include="res\live_cap.ico">
      <Filter>Resource Files</Filter>
    </None>
    <None Include="res\show_ove.ico">
      <Filter>Resource Files</Filter>
    </None>
    <None Include="res\ace1.ico">
      <Filter>Resource Files</Filter>
    </None>
    <None Include="res\record1.ico">
      <Filter>Resource Files</Filter>
    </None>
    <None Include="res\ace.ico">
      <Filter>Resource Files</Filter>
    </None>
    <None Include="res\play1.ico">
      <Filter>Resource Files</Filter>
    </None>
    <None Include="res\servos1.ico">
      <Filter>Resource Files</Filter>
    </None>
    <None Include="res\ico00007.ico">
      <Filter>Resource Files</Filter>
    </None>
    <None Include="res\bmp00004.bmp">
      <Filter>Resource Files</Filter>
    </None>
    <None Include="res\AXIS_FAULTS.bmp">
      <Filter>Resource Files</Filter>
    </None>
    <None Include="res\bitmap2.bmp">
      <Filter>Resource Files</Filter>
    </None>
    <None Include="res\DRIVE_FAULTS.bmp">
      <Filter>Resource Files</Filter>
    </None>
  </ItemGroup>
  <ItemGroup>
    <ClInclude Include="HMI.h">
      <Filter>Header Files</Filter>
    </ClInclude>
    <ClInclude Include="stdafx.h">
      <Filter>Header Files</Filter>
    </ClInclude>
    <ClInclude Include="targetver.h">
      <Filter>Header Files</Filter>
    </ClInclude>
    <ClInclude Include="MainFrm.h">
      <Filter>Header Files</Filter>
    </ClInclude>
    <ClInclude Include="HMIDoc.h">
      <Filter>Header Files</Filter>
    </ClInclude>
    <ClInclude Include="HMIView.h">
      <Filter>Header Files</Filter>
    </ClInclude>
    <ClInclude Include="Resource.h">
      <Filter>Header Files</Filter>
    </ClInclude>
    <ClInclude Include="MilObj.h">
      <Filter>Header Files</Filter>
    </ClInclude>
    <ClInclude Include="MilWnd.h">
      <Filter>Header Files</Filter>
    </ClInclude>
    <ClInclude Include="MilWndChild.h">
      <Filter>Header Files</Filter>
    </ClInclude>
    <ClInclude Include="Blob.h">
      <Filter>Header Files</Filter>
    </ClInclude>
    <ClInclude Include="DisplayUtil.h">
      <Filter>Header Files</Filter>
    </ClInclude>
    <ClInclude Include="FaultHistory.h">
      <Filter>Header Files</Filter>
    </ClInclude>
    <ClInclude Include="History.h">
      <Filter>Header Files</Filter>
    </ClInclude>
    <ClInclude Include="Pmac.h">
      <Filter>Header Files</Filter>
    </ClInclude>
    <ClInclude Include="gdistatusmain.h">
      <Filter>Header Files</Filter>
    </ClInclude>
    <ClInclude Include="GetBackupName.h">
      <Filter>Header Files</Filter>
    </ClInclude>
    <ClInclude Include="GetName.h">
      <Filter>Header Files</Filter>
    </ClInclude>
    <ClInclude Include="gdi_ButtonXL.h">
      <Filter>Header Files</Filter>
    </ClInclude>
    <ClInclude Include="slice_count.h">
      <Filter>Header Files</Filter>
    </ClInclude>
    <ClInclude Include="gdigagetctrl1.h">
      <Filter>Header Files</Filter>
    </ClInclude>
    <ClInclude Include="gdimotorstatusctrl1.h">
      <Filter>Header Files</Filter>
    </ClInclude>
    <ClInclude Include="PmacTerminal.h">
      <Filter>Header Files</Filter>
    </ClInclude>
    <ClInclude Include="SetTime.h">
      <Filter>Header Files</Filter>
    </ClInclude>
    <ClInclude Include="UploadDownload.h">
      <Filter>Header Files</Filter>
    </ClInclude>
    <ClInclude Include="ColorStatic.h">
      <Filter>Header Files</Filter>
    </ClInclude>
    <ClInclude Include="Chat.h">
      <Filter>Header Files</Filter>
    </ClInclude>
    <ClInclude Include="ChatDlg.h">
      <Filter>Header Files</Filter>
    </ClInclude>
    <ClInclude Include="ClientEIP.h">
      <Filter>Header Files</Filter>
    </ClInclude>
    <ClInclude Include="gdiiostatusctrl_slicer.h">
      <Filter>Header Files</Filter>
    </ClInclude>
    <ClInclude Include="gdiledlightsctrl.h">
      <Filter>Header Files</Filter>
    </ClInclude>
    <ClInclude Include="Alarms.h">
      <Filter>Header Files</Filter>
    </ClInclude>
    <ClInclude Include="gdimultireadoutctrl1.h">
      <Filter>Header Files</Filter>
    </ClInclude>
    <ClInclude Include="AxisFaultsDlg.h">
      <Filter>Header Files</Filter>
    </ClInclude>
    <ClInclude Include="DriveFaults.h">
      <Filter>Header Files</Filter>
    </ClInclude>
    <ClInclude Include="statusboxex.h">
      <Filter>Header Files</Filter>
    </ClInclude>
  </ItemGroup>
  <ItemGroup>
    <ClCompile Include="HMI.cpp">
      <Filter>Source Files</Filter>
    </ClCompile>
    <ClCompile Include="stdafx.cpp">
      <Filter>Source Files</Filter>
    </ClCompile>
    <ClCompile Include="MainFrm.cpp">
      <Filter>Source Files</Filter>
    </ClCompile>
    <ClCompile Include="HMIDoc.cpp">
      <Filter>Source Files</Filter>
    </ClCompile>
    <ClCompile Include="HMIView.cpp">
      <Filter>Source Files</Filter>
    </ClCompile>
    <ClCompile Include="MilObj.cpp">
      <Filter>Source Files</Filter>
    </ClCompile>
    <ClCompile Include="MilWnd.cpp">
      <Filter>Source Files</Filter>
    </ClCompile>
    <ClCompile Include="MilWndChild.cpp">
      <Filter>Source Files</Filter>
    </ClCompile>
    <ClCompile Include="Blob.cpp">
      <Filter>Source Files</Filter>
    </ClCompile>
    <ClCompile Include="DisplayUtil.cpp">
      <Filter>Source Files</Filter>
    </ClCompile>
    <ClCompile Include="FaultHistory.cpp">
      <Filter>Source Files</Filter>
    </ClCompile>
    <ClCompile Include="History.cpp">
      <Filter>Source Files</Filter>
    </ClCompile>
    <ClCompile Include="HookFunctions.cpp">
      <Filter>Source Files</Filter>
    </ClCompile>
    <ClCompile Include="Pmac.cpp">
      <Filter>Source Files</Filter>
    </ClCompile>
    <ClCompile Include="gdistatusmain.cpp">
      <Filter>Source Files</Filter>
    </ClCompile>
    <ClCompile Include="GetBackupName.cpp">
      <Filter>Source Files</Filter>
    </ClCompile>
    <ClCompile Include="GetName.cpp">
      <Filter>Source Files</Filter>
    </ClCompile>
    <ClCompile Include="gdi_ButtonXL.cpp">
      <Filter>Source Files</Filter>
    </ClCompile>
    <ClCompile Include="slice_count.cpp">
      <Filter>Source Files</Filter>
    </ClCompile>
    <ClCompile Include="gdigagetctrl1.cpp">
      <Filter>Source Files</Filter>
    </ClCompile>
    <ClCompile Include="gdimotorstatusctrl1.cpp">
      <Filter>Source Files</Filter>
    </ClCompile>
    <ClCompile Include="PmacTerminal.cpp">
      <Filter>Source Files</Filter>
    </ClCompile>
    <ClCompile Include="SetTime.cpp">
      <Filter>Source Files</Filter>
    </ClCompile>
    <ClCompile Include="UploadDownload.cpp">
      <Filter>Source Files</Filter>
    </ClCompile>
    <ClCompile Include="ColorStatic.cpp">
      <Filter>Source Files</Filter>
    </ClCompile>
    <ClCompile Include="Chat.cpp">
      <Filter>Source Files</Filter>
    </ClCompile>
    <ClCompile Include="ChatDlg.cpp">
      <Filter>Source Files</Filter>
    </ClCompile>
    <ClCompile Include="gdiiostatusctrl_slicer.cpp">
      <Filter>Source Files</Filter>
    </ClCompile>
    <ClCompile Include="gdiledlightsctrl.cpp">
      <Filter>Source Files</Filter>
    </ClCompile>
    <ClCompile Include="Alarms.cpp">
      <Filter>Source Files</Filter>
    </ClCompile>
    <ClCompile Include="gdimultireadoutctrl1.cpp">
      <Filter>Source Files</Filter>
    </ClCompile>
    <ClCompile Include="AxisFaultsDlg.cpp">
      <Filter>Source Files</Filter>
    </ClCompile>
    <ClCompile Include="DriveFaults.cpp">
      <Filter>Source Files</Filter>
    </ClCompile>
    <ClCompile Include="statusboxex.cpp">
      <Filter>Source Files</Filter>
    </ClCompile>
  </ItemGroup>
  <ItemGroup>
    <ResourceCompile Include="HMI.rc">
      <Filter>Resource Files</Filter>
    </ResourceCompile>
  </ItemGroup>
</Project>