<?xml version="1.0" encoding="utf-8"?>
<Project ToolsVersion="4.0" xmlns="http://schemas.microsoft.com/developer/msbuild/2003">
  <ItemGroup>
    <Filter Include="Source Files">
      <UniqueIdentifier>{4FC737F1-C7A5-4376-A066-2A32D752A2FF}</UniqueIdentifier>
      <Extensions>cpp;c;cc;cxx;def;odl;idl;hpj;bat;asm;asmx</Extensions>
    </Filter>
    <Filter Include="Header Files">
      <UniqueIdentifier>{93995380-89BD-4b04-88EB-625FBE52EBFB}</UniqueIdentifier>
      <Extensions>h;hpp;hxx;hm;inl;inc;xsd</Extensions>
    </Filter>
    <Filter Include="Resource Files">
      <UniqueIdentifier>{67DA6AB6-F800-4c08-8B7A-83BB121AAD01}</UniqueIdentifier>
      <Extensions>rc;ico;cur;bmp;dlg;rc2;rct;bin;rgs;gif;jpg;jpeg;jpe;resx;tiff;tif;png;wav;mfcribbon-ms</Extensions>
    </Filter>
  </ItemGroup>
  <ItemGroup>
    <None Include="ReadMe.txt" />
    <None Include="HMIDlg.def">
      <Filter>Source Files</Filter>
    </None>
    <None Include="res\HMIDlg.rc2">
      <Filter>Resource Files</Filter>
    </None>
    <None Include="bitmap1.bmp">
      <Filter>Resource Files</Filter>
    </None>
    <None Include="icon1.ico">
      <Filter>Resource Files</Filter>
    </None>
    <None Include="bmp00001.bmp">
      <Filter>Resource Files</Filter>
    </None>
    <None Include="res\ok.bmp">
      <Filter>Resource Files</Filter>
    </None>
    <None Include="ok1.bmp">
      <Filter>Resource Files</Filter>
    </None>
    <None Include="no1.bmp">
      <Filter>Resource Files</Filter>
    </None>
    <None Include="res\btc_sett.ico">
      <Filter>Resource Files</Filter>
    </None>
    <None Include="res\laser1.ico">
      <Filter>Resource Files</Filter>
    </None>
    <None Include="res\ico00002.ico">
      <Filter>Resource Files</Filter>
    </None>
    <None Include="res\color1.ico">
      <Filter>Resource Files</Filter>
    </None>
    <None Include="res\top1.ico">
      <Filter>Resource Files</Filter>
    </None>
    <None Include="res\sorting1.ico">
      <Filter>Resource Files</Filter>
    </None>
    <None Include="res\icon_yes.ico">
      <Filter>Resource Files</Filter>
    </None>
    <None Include="res\ok1.ico">
      <Filter>Resource Files</Filter>
    </None>
    <None Include="res\icon_blo.ico">
      <Filter>Resource Files</Filter>
    </None>
    <None Include="res\icon_no1.ico">
      <Filter>Resource Files</Filter>
    </None>
    <None Include="res\ico00004.ico">
      <Filter>Resource Files</Filter>
    </None>
    <None Include="res\icon1.ico">
      <Filter>Resource Files</Filter>
    </None>
    <None Include="res\ico00001.ico">
      <Filter>Resource Files</Filter>
    </None>
    <None Include="res\icon_tim.ico">
      <Filter>Resource Files</Filter>
    </None>
    <None Include="res\ico00003.ico">
      <Filter>Resource Files</Filter>
    </None>
    <None Include="res\ico00005.ico">
      <Filter>Resource Files</Filter>
    </None>
    <None Include="res\splash.bmp">
      <Filter>Resource Files</Filter>
    </None>
    <None Include="res\bmp00008.bmp">
      <Filter>Resource Files</Filter>
    </None>
    <None Include="res\bmp00007.bmp">
      <Filter>Resource Files</Filter>
    </None>
    <None Include="res\bmp00006.bmp">
      <Filter>Resource Files</Filter>
    </None>
    <None Include="res\bmp00005.bmp">
      <Filter>Resource Files</Filter>
    </None>
    <None Include="res\bmp00004.bmp">
      <Filter>Resource Files</Filter>
    </None>
    <None Include="res\bmp00003.bmp">
      <Filter>Resource Files</Filter>
    </None>
    <None Include="res\bmp00002.bmp">
      <Filter>Resource Files</Filter>
    </None>
    <None Include="res\clock_fa.bmp">
      <Filter>Resource Files</Filter>
    </None>
    <None Include="res\clockface.bmp">
      <Filter>Resource Files</Filter>
    </None>
    <None Include="res\split1.ico">
      <Filter>Resource Files</Filter>
    </None>
    <None Include="res\ico00006.ico">
      <Filter>Resource Files</Filter>
    </None>
    <None Include="res\motion_s.ico">
      <Filter>Resource Files</Filter>
    </None>
    <None Include="res\ico00007.ico">
      <Filter>Resource Files</Filter>
    </None>
    <None Include="res\motion_d.ico">
      <Filter>Resource Files</Filter>
    </None>
    <None Include="res\bitmap1.bmp">
      <Filter>Resource Files</Filter>
    </None>
    <None Include="res\bmp00001.bmp">
      <Filter>Resource Files</Filter>
    </None>
    <None Include="res\slicer1.ico">
      <Filter>Resource Files</Filter>
    </None>
    <None Include="res\two_tier.ico">
      <Filter>Resource Files</Filter>
    </None>
  </ItemGroup>
  <ItemGroup>
    <ClCompile Include="HMIDlg.cpp">
      <Filter>Source Files</Filter>
    </ClCompile>
    <ClCompile Include="stdafx.cpp">
      <Filter>Source Files</Filter>
    </ClCompile>
    <ClCompile Include="HMIDlgApi.cpp">
      <Filter>Source Files</Filter>
    </ClCompile>
    <ClCompile Include="YesNo.cpp">
      <Filter>Source Files</Filter>
    </ClCompile>
    <ClCompile Include="IsiLcdLib\COLOR.CPP">
      <Filter>Source Files</Filter>
    </ClCompile>
    <ClCompile Include="IsiLcdLib\GdiBorder.cpp">
      <Filter>Source Files</Filter>
    </ClCompile>
    <ClCompile Include="IsiLcdLib\IsiCompBase.cpp">
      <Filter>Source Files</Filter>
    </ClCompile>
    <ClCompile Include="IsiLcdLib\IsiLcdDisplay.cpp">
      <Filter>Source Files</Filter>
    </ClCompile>
    <ClCompile Include="Save.cpp">
      <Filter>Source Files</Filter>
    </ClCompile>
    <ClCompile Include="DlgHMIOpt.cpp">
      <Filter>Source Files</Filter>
    </ClCompile>
    <ClCompile Include="DlgOk.cpp">
      <Filter>Source Files</Filter>
    </ClCompile>
    <ClCompile Include="KeyPadDlg.cpp">
      <Filter>Source Files</Filter>
    </ClCompile>
    <ClCompile Include="NumSpinCtrl.cpp">
      <Filter>Source Files</Filter>
    </ClCompile>
    <ClCompile Include="Settings.cpp">
      <Filter>Source Files</Filter>
    </ClCompile>
    <ClCompile Include="TEdit.cpp">
      <Filter>Source Files</Filter>
    </ClCompile>
    <ClCompile Include="VisionSettings.cpp">
      <Filter>Source Files</Filter>
    </ClCompile>
    <ClCompile Include="VisionSplit.cpp">
      <Filter>Source Files</Filter>
    </ClCompile>
    <ClCompile Include="DlgWait.cpp">
      <Filter>Source Files</Filter>
    </ClCompile>
    <ClCompile Include="Splash.cpp">
      <Filter>Source Files</Filter>
    </ClCompile>
    <ClCompile Include="AlignLUT.cpp">
      <Filter>Source Files</Filter>
    </ClCompile>
    <ClCompile Include="PmacSettings.cpp">
      <Filter>Source Files</Filter>
    </ClCompile>
    <ClCompile Include="MotionSettings1.cpp">
      <Filter>Source Files</Filter>
    </ClCompile>
    <ClCompile Include="MotionSettings2.cpp">
      <Filter>Source Files</Filter>
    </ClCompile>
    <ClCompile Include="MotionSettings.cpp">
      <Filter>Source Files</Filter>
    </ClCompile>
    <ClCompile Include="TrimLUT.cpp">
      <Filter>Source Files</Filter>
    </ClCompile>
    <ClCompile Include="MotionSettings4.cpp">
      <Filter>Source Files</Filter>
    </ClCompile>
    <ClCompile Include="VisSetDelay.cpp">
      <Filter>Source Files</Filter>
    </ClCompile>
    <ClCompile Include="MotionSettings5.cpp">
      <Filter>Source Files</Filter>
    </ClCompile>
    <ClCompile Include="UserSettings.cpp">
      <Filter>Source Files</Filter>
    </ClCompile>
    <ClCompile Include="UserPage1.cpp">
      <Filter>Source Files</Filter>
    </ClCompile>
    <ClCompile Include="UserPage2.cpp">
      <Filter>Source Files</Filter>
    </ClCompile>
    <ClCompile Include="UserPage3.cpp">
      <Filter>Source Files</Filter>
    </ClCompile>
  </ItemGroup>
  <ItemGroup>
    <ClInclude Include="HMIDlg.h">
      <Filter>Header Files</Filter>
    </ClInclude>
    <ClInclude Include="stdafx.h">
      <Filter>Header Files</Filter>
    </ClInclude>
    <ClInclude Include="targetver.h">
      <Filter>Header Files</Filter>
    </ClInclude>
    <ClInclude Include="Resource.h">
      <Filter>Header Files</Filter>
    </ClInclude>
    <ClInclude Include="HMIDlgApi.h">
      <Filter>Header Files</Filter>
    </ClInclude>
    <ClInclude Include="YesNo.h">
      <Filter>Header Files</Filter>
    </ClInclude>
    <ClInclude Include="IsiLcdLib\COLOR.H">
      <Filter>Header Files</Filter>
    </ClInclude>
    <ClInclude Include="IsiLcdLib\GdiBorder.h">
      <Filter>Header Files</Filter>
    </ClInclude>
    <ClInclude Include="IsiLcdLib\GdiPlusWnd.h">
      <Filter>Header Files</Filter>
    </ClInclude>
    <ClInclude Include="IsiLcdLib\IsiCompBase.h">
      <Filter>Header Files</Filter>
    </ClInclude>
    <ClInclude Include="IsiLcdLib\IsiLcdDisplay.h">
      <Filter>Header Files</Filter>
    </ClInclude>
    <ClInclude Include="IsiLcdLib\MemDC.h">
      <Filter>Header Files</Filter>
    </ClInclude>
    <ClInclude Include="IsiLcdLib\RoundRect.h">
      <Filter>Header Files</Filter>
    </ClInclude>
    <ClInclude Include="Save.h">
      <Filter>Header Files</Filter>
    </ClInclude>
    <ClInclude Include="DlgHMIOpt.h">
      <Filter>Header Files</Filter>
    </ClInclude>
    <ClInclude Include="DlgOk.h">
      <Filter>Header Files</Filter>
    </ClInclude>
    <ClInclude Include="KeyPadDlg.h">
      <Filter>Header Files</Filter>
    </ClInclude>
    <ClInclude Include="NumSpinCtrl.h">
      <Filter>Header Files</Filter>
    </ClInclude>
    <ClInclude Include="Settings.h">
      <Filter>Header Files</Filter>
    </ClInclude>
    <ClInclude Include="TEdit.h">
      <Filter>Header Files</Filter>
    </ClInclude>
    <ClInclude Include="VisionSettings.h">
      <Filter>Header Files</Filter>
    </ClInclude>
    <ClInclude Include="VisionSplit.h">
      <Filter>Header Files</Filter>
    </ClInclude>
    <ClInclude Include="DlgWait.h">
      <Filter>Header Files</Filter>
    </ClInclude>
    <ClInclude Include="Splash.h">
      <Filter>Header Files</Filter>
    </ClInclude>
    <ClInclude Include="AlignLUT.h">
      <Filter>Header Files</Filter>
    </ClInclude>
    <ClInclude Include="PmacSettings.h">
      <Filter>Header Files</Filter>
    </ClInclude>
    <ClInclude Include="MotionSettings1.h">
      <Filter>Header Files</Filter>
    </ClInclude>
    <ClInclude Include="MotionSettings2.h">
      <Filter>Header Files</Filter>
    </ClInclude>
    <ClInclude Include="MotionSettings.h">
      <Filter>Header Files</Filter>
    </ClInclude>
    <ClInclude Include="TrimLUT.h">
      <Filter>Header Files</Filter>
    </ClInclude>
    <ClInclude Include="MotionSettings4.h">
      <Filter>Header Files</Filter>
    </ClInclude>
    <ClInclude Include="VisSetDelay.h">
      <Filter>Header Files</Filter>
    </ClInclude>
    <ClInclude Include="MotionSettings5.h">
      <Filter>Header Files</Filter>
    </ClInclude>
    <ClInclude Include="UserSettings.h">
      <Filter>Header Files</Filter>
    </ClInclude>
    <ClInclude Include="UserPage1.h">
      <Filter>Header Files</Filter>
    </ClInclude>
    <ClInclude Include="UserPage2.h">
      <Filter>Header Files</Filter>
    </ClInclude>
    <ClInclude Include="UserPage3.h">
      <Filter>Header Files</Filter>
    </ClInclude>
  </ItemGroup>
  <ItemGroup>
    <ResourceCompile Include="HMIDlg.rc">
      <Filter>Resource Files</Filter>
    </ResourceCompile>
  </ItemGroup>
</Project>